
Microsoft Visual Studio Solution File, Format Version 12.00
# Visual Studio Version 17
VisualStudioVersion = 17.7.34031.279
MinimumVisualStudioVersion = 10.0.40219.1
Project("{9A19103F-16F7-4668-BE54-9A1E7A4F7556}") = "ByteBrusher.Tests.Integrationstests", "ByteBrusher.Tests.Integrationstests\ByteBrusher.Tests.Integrationstests.csproj", "{C7973995-9AC7-4697-9BFD-287E14FF9D66}"
EndProject
Project("{9A19103F-16F7-4668-BE54-9A1E7A4F7556}") = "ByteBrusher.Tests.Unittests.Util", "ByteBrusher.Tests.Unittests.Util\ByteBrusher.Tests.Unittests.Util.csproj", "{B05CD11A-D2BC-4626-9A4D-0A4B1134FB53}"
EndProject
Project("{2150E333-8FDC-42A3-9474-1A3956D46DE8}") = "Tests", "Tests", "{07E3C466-B3A9-44E2-B8C8-863DC7AC9906}"
EndProject
Project("{2150E333-8FDC-42A3-9474-1A3956D46DE8}") = "Integrationtests", "Integrationtests", "{007B897D-FB13-43A5-9091-8DE278899DCD}"
EndProject
Project("{2150E333-8FDC-42A3-9474-1A3956D46DE8}") = "Unittests", "Unittests", "{CCEEC2CF-96DB-457C-AC1D-7BED436A68C1}"
EndProject
Project("{2150E333-8FDC-42A3-9474-1A3956D46DE8}") = "SmokeTests", "SmokeTests", "{17DE1203-EF1D-43AB-B5D9-6DB5345DFF43}"
EndProject
Project("{FAE04EC0-301F-11D3-BF4B-00C04F79EFBC}") = "ByteBrusher.Tests.SmokeTests", "Tests\ByteBrusher.Tests.SmokeTests\ByteBrusher.Tests.SmokeTests.csproj", "{F2007AEC-AEDF-47D6-8789-92DBBD8F9B1D}"
EndProject
Project("{2150E333-8FDC-42A3-9474-1A3956D46DE8}") = "Utils", "Utils", "{15E96C8F-C334-49B4-A541-724810A8BCF6}"
EndProject
Project("{FAE04EC0-301F-11D3-BF4B-00C04F79EFBC}") = "ByteBrusher.Tests.Util", "Tests\ByteBrusher.Tests.Util\ByteBrusher.Tests.Util.csproj", "{27C1A4A3-E93F-4C63-B5A1-6ACEA1BD5239}"
EndProject
Project("{FAE04EC0-301F-11D3-BF4B-00C04F79EFBC}") = "ByteBrusher.Tests.Unittests.Framework", "Tests\ByteBrusher.Tests.Unittests.Framework\ByteBrusher.Tests.Unittests.Framework.csproj", "{51956A7B-88F2-422D-A702-1B98D77EA7B7}"
EndProject
Project("{FAE04EC0-301F-11D3-BF4B-00C04F79EFBC}") = "ByteBrusher", "ByteBrusher\ByteBrusher.csproj", "{FA8626C2-68F6-452E-962B-A5F37EB006F9}"
EndProject
Global
	GlobalSection(SolutionConfigurationPlatforms) = preSolution
		Debug|Any CPU = Debug|Any CPU
		Release|Any CPU = Release|Any CPU
	EndGlobalSection
	GlobalSection(ProjectConfigurationPlatforms) = postSolution
		{C7973995-9AC7-4697-9BFD-287E14FF9D66}.Debug|Any CPU.ActiveCfg = Debug|Any CPU
		{C7973995-9AC7-4697-9BFD-287E14FF9D66}.Debug|Any CPU.Build.0 = Debug|Any CPU
		{C7973995-9AC7-4697-9BFD-287E14FF9D66}.Release|Any CPU.ActiveCfg = Release|Any CPU
		{C7973995-9AC7-4697-9BFD-287E14FF9D66}.Release|Any CPU.Build.0 = Release|Any CPU
		{B05CD11A-D2BC-4626-9A4D-0A4B1134FB53}.Debug|Any CPU.ActiveCfg = Debug|Any CPU
		{B05CD11A-D2BC-4626-9A4D-0A4B1134FB53}.Debug|Any CPU.Build.0 = Debug|Any CPU
		{B05CD11A-D2BC-4626-9A4D-0A4B1134FB53}.Release|Any CPU.ActiveCfg = Release|Any CPU
		{B05CD11A-D2BC-4626-9A4D-0A4B1134FB53}.Release|Any CPU.Build.0 = Release|Any CPU
		{F2007AEC-AEDF-47D6-8789-92DBBD8F9B1D}.Debug|Any CPU.ActiveCfg = Debug|Any CPU
		{F2007AEC-AEDF-47D6-8789-92DBBD8F9B1D}.Debug|Any CPU.Build.0 = Debug|Any CPU
		{F2007AEC-AEDF-47D6-8789-92DBBD8F9B1D}.Release|Any CPU.ActiveCfg = Release|Any CPU
		{F2007AEC-AEDF-47D6-8789-92DBBD8F9B1D}.Release|Any CPU.Build.0 = Release|Any CPU
		{27C1A4A3-E93F-4C63-B5A1-6ACEA1BD5239}.Debug|Any CPU.ActiveCfg = Debug|Any CPU
		{27C1A4A3-E93F-4C63-B5A1-6ACEA1BD5239}.Debug|Any CPU.Build.0 = Debug|Any CPU
		{27C1A4A3-E93F-4C63-B5A1-6ACEA1BD5239}.Release|Any CPU.ActiveCfg = Release|Any CPU
		{27C1A4A3-E93F-4C63-B5A1-6ACEA1BD5239}.Release|Any CPU.Build.0 = Release|Any CPU
		{51956A7B-88F2-422D-A702-1B98D77EA7B7}.Debug|Any CPU.ActiveCfg = Debug|Any CPU
		{51956A7B-88F2-422D-A702-1B98D77EA7B7}.Debug|Any CPU.Build.0 = Debug|Any CPU
		{51956A7B-88F2-422D-A702-1B98D77EA7B7}.Release|Any CPU.ActiveCfg = Release|Any CPU
		{51956A7B-88F2-422D-A702-1B98D77EA7B7}.Release|Any CPU.Build.0 = Release|Any CPU
		{FA8626C2-68F6-452E-962B-A5F37EB006F9}.Debug|Any CPU.ActiveCfg = Debug|Any CPU
		{FA8626C2-68F6-452E-962B-A5F37EB006F9}.Debug|Any CPU.Build.0 = Debug|Any CPU
		{FA8626C2-68F6-452E-962B-A5F37EB006F9}.Release|Any CPU.ActiveCfg = Release|Any CPU
		{FA8626C2-68F6-452E-962B-A5F37EB006F9}.Release|Any CPU.Build.0 = Release|Any CPU
	EndGlobalSection
	GlobalSection(SolutionProperties) = preSolution
		HideSolutionNode = FALSE
	EndGlobalSection
	GlobalSection(NestedProjects) = preSolution
		{007B897D-FB13-43A5-9091-8DE278899DCD} = {07E3C466-B3A9-44E2-B8C8-863DC7AC9906}
		{CCEEC2CF-96DB-457C-AC1D-7BED436A68C1} = {07E3C466-B3A9-44E2-B8C8-863DC7AC9906}
		{B05CD11A-D2BC-4626-9A4D-0A4B1134FB53} = {CCEEC2CF-96DB-457C-AC1D-7BED436A68C1}
		{C7973995-9AC7-4697-9BFD-287E14FF9D66} = {007B897D-FB13-43A5-9091-8DE278899DCD}
		{17DE1203-EF1D-43AB-B5D9-6DB5345DFF43} = {07E3C466-B3A9-44E2-B8C8-863DC7AC9906}
		{F2007AEC-AEDF-47D6-8789-92DBBD8F9B1D} = {17DE1203-EF1D-43AB-B5D9-6DB5345DFF43}
		{15E96C8F-C334-49B4-A541-724810A8BCF6} = {07E3C466-B3A9-44E2-B8C8-863DC7AC9906}
		{27C1A4A3-E93F-4C63-B5A1-6ACEA1BD5239} = {15E96C8F-C334-49B4-A541-724810A8BCF6}
		{51956A7B-88F2-422D-A702-1B98D77EA7B7} = {CCEEC2CF-96DB-457C-AC1D-7BED436A68C1}
	EndGlobalSection
	GlobalSection(ExtensibilityGlobals) = postSolution
		SolutionGuid = {3852D14C-7C37-461C-8388-C147602DF905}
	EndGlobalSection
EndGlobal
